// !$*UTF8*$!
{
	archiveVersion = 1;
	classes = {
	};
	objectVersion = 55;
	objects = {

/* Begin PBXBuildFile section */
		793D83D128161D1E000C669B /* AppDelegate.swift in Sources */ = {isa = PBXBuildFile; fileRef = 793D83D028161D1E000C669B /* AppDelegate.swift */; };
		793D83D328161D1E000C669B /* SceneDelegate.swift in Sources */ = {isa = PBXBuildFile; fileRef = 793D83D228161D1E000C669B /* SceneDelegate.swift */; };
		793D83D528161D1E000C669B /* ViewController.swift in Sources */ = {isa = PBXBuildFile; fileRef = 793D83D428161D1E000C669B /* ViewController.swift */; };
		793D83D828161D1E000C669B /* Main.storyboard in Resources */ = {isa = PBXBuildFile; fileRef = 793D83D628161D1E000C669B /* Main.storyboard */; };
		793D83DB28161D1E000C669B /* CrudGames.xcdatamodeld in Sources */ = {isa = PBXBuildFile; fileRef = 793D83D928161D1E000C669B /* CrudGames.xcdatamodeld */; };
		793D83DD28161D27000C669B /* Assets.xcassets in Resources */ = {isa = PBXBuildFile; fileRef = 793D83DC28161D27000C669B /* Assets.xcassets */; };
		793D83E028161D27000C669B /* LaunchScreen.storyboard in Resources */ = {isa = PBXBuildFile; fileRef = 793D83DE28161D27000C669B /* LaunchScreen.storyboard */; };
		793D83E828164636000C669B /* GamesTableViewController.swift in Sources */ = {isa = PBXBuildFile; fileRef = 793D83E728164636000C669B /* GamesTableViewController.swift */; };
		793D83EA28164685000C669B /* PlataformasTableViewController.swift in Sources */ = {isa = PBXBuildFile; fileRef = 793D83E928164685000C669B /* PlataformasTableViewController.swift */; };
		793D83EC281647B5000C669B /* GameViewController.swift in Sources */ = {isa = PBXBuildFile; fileRef = 793D83EB281647B5000C669B /* GameViewController.swift */; };
		793D83EE2816482B000C669B /* AddEditViewController.swift in Sources */ = {isa = PBXBuildFile; fileRef = 793D83ED2816482B000C669B /* AddEditViewController.swift */; };
/* End PBXBuildFile section */

/* Begin PBXFileReference section */
		793D83CD28161D1E000C669B /* CrudGames.app */ = {isa = PBXFileReference; explicitFileType = wrapper.application; includeInIndex = 0; path = CrudGames.app; sourceTree = BUILT_PRODUCTS_DIR; };
		793D83D028161D1E000C669B /* AppDelegate.swift */ = {isa = PBXFileReference; lastKnownFileType = sourcecode.swift; path = AppDelegate.swift; sourceTree = "<group>"; };
		793D83D228161D1E000C669B /* SceneDelegate.swift */ = {isa = PBXFileReference; lastKnownFileType = sourcecode.swift; path = SceneDelegate.swift; sourceTree = "<group>"; };
		793D83D428161D1E000C669B /* ViewController.swift */ = {isa = PBXFileReference; lastKnownFileType = sourcecode.swift; path = ViewController.swift; sourceTree = "<group>"; };
		793D83D728161D1E000C669B /* Base */ = {isa = PBXFileReference; lastKnownFileType = file.storyboard; name = Base; path = Base.lproj/Main.storyboard; sourceTree = "<group>"; };
		793D83DA28161D1E000C669B /* CrudGames.xcdatamodel */ = {isa = PBXFileReference; lastKnownFileType = wrapper.xcdatamodel; path = CrudGames.xcdatamodel; sourceTree = "<group>"; };
		793D83DC28161D27000C669B /* Assets.xcassets */ = {isa = PBXFileReference; lastKnownFileType = folder.assetcatalog; path = Assets.xcassets; sourceTree = "<group>"; };
		793D83DF28161D27000C669B /* Base */ = {isa = PBXFileReference; lastKnownFileType = file.storyboard; name = Base; path = Base.lproj/LaunchScreen.storyboard; sourceTree = "<group>"; };
		793D83E128161D27000C669B /* Info.plist */ = {isa = PBXFileReference; lastKnownFileType = text.plist.xml; path = Info.plist; sourceTree = "<group>"; };
		793D83E728164636000C669B /* GamesTableViewController.swift */ = {isa = PBXFileReference; lastKnownFileType = sourcecode.swift; path = GamesTableViewController.swift; sourceTree = "<group>"; };
		793D83E928164685000C669B /* PlataformasTableViewController.swift */ = {isa = PBXFileReference; lastKnownFileType = sourcecode.swift; path = PlataformasTableViewController.swift; sourceTree = "<group>"; };
		793D83EB281647B5000C669B /* GameViewController.swift */ = {isa = PBXFileReference; lastKnownFileType = sourcecode.swift; path = GameViewController.swift; sourceTree = "<group>"; };
		793D83ED2816482B000C669B /* AddEditViewController.swift */ = {isa = PBXFileReference; lastKnownFileType = sourcecode.swift; path = AddEditViewController.swift; sourceTree = "<group>"; };
/* End PBXFileReference section */

/* Begin PBXFrameworksBuildPhase section */
		793D83CA28161D1E000C669B /* Frameworks */ = {
			isa = PBXFrameworksBuildPhase;
			buildActionMask = 2147483647;
			files = (
			);
			runOnlyForDeploymentPostprocessing = 0;
		};
/* End PBXFrameworksBuildPhase section */

/* Begin PBXGroup section */
		793D83C428161D1E000C669B = {
			isa = PBXGroup;
			children = (
				793D83CF28161D1E000C669B /* CrudGames */,
				793D83CE28161D1E000C669B /* Products */,
			);
			sourceTree = "<group>";
		};
		793D83CE28161D1E000C669B /* Products */ = {
			isa = PBXGroup;
			children = (
				793D83CD28161D1E000C669B /* CrudGames.app */,
			);
			name = Products;
			sourceTree = "<group>";
		};
		793D83CF28161D1E000C669B /* CrudGames */ = {
			isa = PBXGroup;
			children = (
				793D83D028161D1E000C669B /* AppDelegate.swift */,
				793D83D228161D1E000C669B /* SceneDelegate.swift */,
				793D83D428161D1E000C669B /* ViewController.swift */,
				793D83D628161D1E000C669B /* Main.storyboard */,
				793D83ED2816482B000C669B /* AddEditViewController.swift */,
				793D83EB281647B5000C669B /* GameViewController.swift */,
				793D83E928164685000C669B /* PlataformasTableViewController.swift */,
				793D83E728164636000C669B /* GamesTableViewController.swift */,
				793D83DC28161D27000C669B /* Assets.xcassets */,
				793D83DE28161D27000C669B /* LaunchScreen.storyboard */,
				793D83E128161D27000C669B /* Info.plist */,
				793D83D928161D1E000C669B /* CrudGames.xcdatamodeld */,
			);
			path = CrudGames;
			sourceTree = "<group>";
		};
/* End PBXGroup section */

/* Begin PBXNativeTarget section */
		793D83CC28161D1E000C669B /* CrudGames */ = {
			isa = PBXNativeTarget;
			buildConfigurationList = 793D83E428161D27000C669B /* Build configuration list for PBXNativeTarget "CrudGames" */;
			buildPhases = (
				793D83C928161D1E000C669B /* Sources */,
				793D83CA28161D1E000C669B /* Frameworks */,
				793D83CB28161D1E000C669B /* Resources */,
			);
			buildRules = (
			);
			dependencies = (
			);
			name = CrudGames;
			productName = CrudGames;
			productReference = 793D83CD28161D1E000C669B /* CrudGames.app */;
			productType = "com.apple.product-type.application";
		};
/* End PBXNativeTarget section */

/* Begin PBXProject section */
		793D83C528161D1E000C669B /* Project object */ = {
			isa = PBXProject;
			attributes = {
				BuildIndependentTargetsInParallel = 1;
				LastSwiftUpdateCheck = 1330;
				LastUpgradeCheck = 1330;
				TargetAttributes = {
					793D83CC28161D1E000C669B = {
						CreatedOnToolsVersion = 13.3.1;
					};
				};
			};
			buildConfigurationList = 793D83C828161D1E000C669B /* Build configuration list for PBXProject "CrudGames" */;
			compatibilityVersion = "Xcode 13.0";
			developmentRegion = en;
			hasScannedForEncodings = 0;
			knownRegions = (
				en,
				Base,
			);
			mainGroup = 793D83C428161D1E000C669B;
			productRefGroup = 793D83CE28161D1E000C669B /* Products */;
			projectDirPath = "";
			projectRoot = "";
			targets = (
				793D83CC28161D1E000C669B /* CrudGames */,
			);
		};
/* End PBXProject section */

/* Begin PBXResourcesBuildPhase section */
		793D83CB28161D1E000C669B /* Resources */ = {
			isa = PBXResourcesBuildPhase;
			buildActionMask = 2147483647;
			files = (
				793D83E028161D27000C669B /* LaunchScreen.storyboard in Resources */,
				793D83DD28161D27000C669B /* Assets.xcassets in Resources */,
				793D83D828161D1E000C669B /* Main.storyboard in Resources */,
			);
			runOnlyForDeploymentPostprocessing = 0;
		};
/* End PBXResourcesBuildPhase section */

/* Begin PBXSourcesBuildPhase section */
		793D83C928161D1E000C669B /* Sources */ = {
			isa = PBXSourcesBuildPhase;
			buildActionMask = 2147483647;
			files = (
				793D83EC281647B5000C669B /* GameViewController.swift in Sources */,
				793D83D528161D1E000C669B /* ViewController.swift in Sources */,
				793D83DB28161D1E000C669B /* CrudGames.xcdatamodeld in Sources */,
				793D83EA28164685000C669B /* PlataformasTableViewController.swift in Sources */,
				793D83EE2816482B000C669B /* AddEditViewController.swift in Sources */,
				793D83D128161D1E000C669B /* AppDelegate.swift in Sources */,
				793D83E828164636000C669B /* GamesTableViewController.swift in Sources */,
				793D83D328161D1E000C669B /* SceneDelegate.swift in Sources */,
			);
			runOnlyForDeploymentPostprocessing = 0;
		};
/* End PBXSourcesBuildPhase section */

/* Begin PBXVariantGroup section */
		793D83D628161D1E000C669B /* Main.storyboard */ = {
			isa = PBXVariantGroup;
			children = (
				793D83D728161D1E000C669B /* Base */,
			);
			name = Main.storyboard;
			sourceTree = "<group>";
		};
		793D83DE28161D27000C669B /* LaunchScreen.storyboard */ = {
			isa = PBXVariantGroup;
			children = (
				793D83DF28161D27000C669B /* Base */,
			);
			name = LaunchScreen.storyboard;
			sourceTree = "<group>";
		};
/* End PBXVariantGroup section */

/* Begin XCBuildConfiguration section */
		793D83E228161D27000C669B /* Debug */ = {
			isa = XCBuildConfiguration;
			buildSettings = {
				ALWAYS_SEARCH_USER_PATHS = NO;
				CLANG_ANALYZER_NONNULL = YES;
				CLANG_ANALYZER_NUMBER_OBJECT_CONVERSION = YES_AGGRESSIVE;
				CLANG_CXX_LANGUAGE_STANDARD = "gnu++17";
				CLANG_ENABLE_MODULES = YES;
				CLANG_ENABLE_OBJC_ARC = YES;
				CLANG_ENABLE_OBJC_WEAK = YES;
				CLANG_WARN_BLOCK_CAPTURE_AUTORELEASING = YES;
				CLANG_WARN_BOOL_CONVERSION = YES;
				CLANG_WARN_COMMA = YES;
				CLANG_WARN_CONSTANT_CONVERSION = YES;
				CLANG_WARN_DEPRECATED_OBJC_IMPLEMENTATIONS = YES;
				CLANG_WARN_DIRECT_OBJC_ISA_USAGE = YES_ERROR;
				CLANG_WARN_DOCUMENTATION_COMMENTS = YES;
				CLANG_WARN_EMPTY_BODY = YES;
				CLANG_WARN_ENUM_CONVERSION = YES;
				CLANG_WARN_INFINITE_RECURSION = YES;
				CLANG_WARN_INT_CONVERSION = YES;
				CLANG_WARN_NON_LITERAL_NULL_CONVERSION = YES;
				CLANG_WARN_OBJC_IMPLICIT_RETAIN_SELF = YES;
				CLANG_WARN_OBJC_LITERAL_CONVERSION = YES;
				CLANG_WARN_OBJC_ROOT_CLASS = YES_ERROR;
				CLANG_WARN_QUOTED_INCLUDE_IN_FRAMEWORK_HEADER = YES;
				CLANG_WARN_RANGE_LOOP_ANALYSIS = YES;
				CLANG_WARN_STRICT_PROTOTYPES = YES;
				CLANG_WARN_SUSPICIOUS_MOVE = YES;
				CLANG_WARN_UNGUARDED_AVAILABILITY = YES_AGGRESSIVE;
				CLANG_WARN_UNREACHABLE_CODE = YES;
				CLANG_WARN__DUPLICATE_METHOD_MATCH = YES;
				COPY_PHASE_STRIP = NO;
				DEBUG_INFORMATION_FORMAT = dwarf;
				ENABLE_STRICT_OBJC_MSGSEND = YES;
				ENABLE_TESTABILITY = YES;
				GCC_C_LANGUAGE_STANDARD = gnu11;
				GCC_DYNAMIC_NO_PIC = NO;
				GCC_NO_COMMON_BLOCKS = YES;
				GCC_OPTIMIZATION_LEVEL = 0;
				GCC_PREPROCESSOR_DEFINITIONS = (
					"DEBUG=1",
					"$(inherited)",
				);
				GCC_WARN_64_TO_32_BIT_CONVERSION = YES;
				GCC_WARN_ABOUT_RETURN_TYPE = YES_ERROR;
				GCC_WARN_UNDECLARED_SELECTOR = YES;
				GCC_WARN_UNINITIALIZED_AUTOS = YES_AGGRESSIVE;
				GCC_WARN_UNUSED_FUNCTION = YES;
				GCC_WARN_UNUSED_VARIABLE = YES;
				IPHONEOS_DEPLOYMENT_TARGET = 15.4;
				MTL_ENABLE_DEBUG_INFO = INCLUDE_SOURCE;
				MTL_FAST_MATH = YES;
				ONLY_ACTIVE_ARCH = YES;
				SDKROOT = iphoneos;
				SWIFT_ACTIVE_COMPILATION_CONDITIONS = DEBUG;
				SWIFT_OPTIMIZATION_LEVEL = "-Onone";
			};
			name = Debug;
		};
		793D83E328161D27000C669B /* Release */ = {
			isa = XCBuildConfiguration;
			buildSettings = {
				ALWAYS_SEARCH_USER_PATHS = NO;
				CLANG_ANALYZER_NONNULL = YES;
				CLANG_ANALYZER_NUMBER_OBJECT_CONVERSION = YES_AGGRESSIVE;
				CLANG_CXX_LANGUAGE_STANDARD = "gnu++17";
				CLANG_ENABLE_MODULES = YES;
				CLANG_ENABLE_OBJC_ARC = YES;
				CLANG_ENABLE_OBJC_WEAK = YES;
				CLANG_WARN_BLOCK_CAPTURE_AUTORELEASING = YES;
				CLANG_WARN_BOOL_CONVERSION = YES;
				CLANG_WARN_COMMA = YES;
				CLANG_WARN_CONSTANT_CONVERSION = YES;
				CLANG_WARN_DEPRECATED_OBJC_IMPLEMENTATIONS = YES;
				CLANG_WARN_DIRECT_OBJC_ISA_USAGE = YES_ERROR;
				CLANG_WARN_DOCUMENTATION_COMMENTS = YES;
				CLANG_WARN_EMPTY_BODY = YES;
				CLANG_WARN_ENUM_CONVERSION = YES;
				CLANG_WARN_INFINITE_RECURSION = YES;
				CLANG_WARN_INT_CONVERSION = YES;
				CLANG_WARN_NON_LITERAL_NULL_CONVERSION = YES;
				CLANG_WARN_OBJC_IMPLICIT_RETAIN_SELF = YES;
				CLANG_WARN_OBJC_LITERAL_CONVERSION = YES;
				CLANG_WARN_OBJC_ROOT_CLASS = YES_ERROR;
				CLANG_WARN_QUOTED_INCLUDE_IN_FRAMEWORK_HEADER = YES;
				CLANG_WARN_RANGE_LOOP_ANALYSIS = YES;
				CLANG_WARN_STRICT_PROTOTYPES = YES;
				CLANG_WARN_SUSPICIOUS_MOVE = YES;
				CLANG_WARN_UNGUARDED_AVAILABILITY = YES_AGGRESSIVE;
				CLANG_WARN_UNREACHABLE_CODE = YES;
				CLANG_WARN__DUPLICATE_METHOD_MATCH = YES;
				COPY_PHASE_STRIP = NO;
				DEBUG_INFORMATION_FORMAT = "dwarf-with-dsym";
				ENABLE_NS_ASSERTIONS = NO;
				ENABLE_STRICT_OBJC_MSGSEND = YES;
				GCC_C_LANGUAGE_STANDARD = gnu11;
				GCC_NO_COMMON_BLOCKS = YES;
				GCC_WARN_64_TO_32_BIT_CONVERSION = YES;
				GCC_WARN_ABOUT_RETURN_TYPE = YES_ERROR;
				GCC_WARN_UNDECLARED_SELECTOR = YES;
				GCC_WARN_UNINITIALIZED_AUTOS = YES_AGGRESSIVE;
				GCC_WARN_UNUSED_FUNCTION = YES;
				GCC_WARN_UNUSED_VARIABLE = YES;
				IPHONEOS_DEPLOYMENT_TARGET = 15.4;
				MTL_ENABLE_DEBUG_INFO = NO;
				MTL_FAST_MATH = YES;
				SDKROOT = iphoneos;
				SWIFT_COMPILATION_MODE = wholemodule;
				SWIFT_OPTIMIZATION_LEVEL = "-O";
				VALIDATE_PRODUCT = YES;
			};
			name = Release;
		};
		793D83E528161D27000C669B /* Debug */ = {
			isa = XCBuildConfiguration;
			buildSettings = {
				ASSETCATALOG_COMPILER_APPICON_NAME = AppIcon;
				ASSETCATALOG_COMPILER_GLOBAL_ACCENT_COLOR_NAME = AccentColor;
				CODE_SIGN_STYLE = Automatic;
				CURRENT_PROJECT_VERSION = 1;
				DEVELOPMENT_TEAM = 72BL34NP3Z;
				GENERATE_INFOPLIST_FILE = YES;
				INFOPLIST_FILE = CrudGames/Info.plist;
				INFOPLIST_KEY_UIApplicationSupportsIndirectInputEvents = YES;
				INFOPLIST_KEY_UILaunchStoryboardName = LaunchScreen;
				INFOPLIST_KEY_UIMainStoryboardFile = Main;
				INFOPLIST_KEY_UISupportedInterfaceOrientations = UIInterfaceOrientationPortrait;
				INFOPLIST_KEY_UISupportedInterfaceOrientations_iPad = "UIInterfaceOrientationPortrait UIInterfaceOrientationPortraitUpsideDown UIInterfaceOrientationLandscapeLeft UIInterfaceOrientationLandscapeRight";
				INFOPLIST_KEY_UISupportedInterfaceOrientations_iPhone = "UIInterfaceOrientationPortrait UIInterfaceOrientationLandscapeLeft UIInterfaceOrientationLandscapeRight";
				LD_RUNPATH_SEARCH_PATHS = (
					"$(inherited)",
					"@executable_path/Frameworks",
				);
				MARKETING_VERSION = 1.0;
				PRODUCT_BUNDLE_IDENTIFIER = maungarette.CrudGames;
				PRODUCT_NAME = "$(TARGET_NAME)";
				SWIFT_EMIT_LOC_STRINGS = YES;
				SWIFT_VERSION = 5.0;
				TARGETED_DEVICE_FAMILY = 1;
			};
			name = Debug;
		};
		793D83E628161D27000C669B /* Release */ = {
			isa = XCBuildConfiguration;
			buildSettings = {
				ASSETCATALOG_COMPILER_APPICON_NAME = AppIcon;
				ASSETCATALOG_COMPILER_GLOBAL_ACCENT_COLOR_NAME = AccentColor;
				CODE_SIGN_STYLE = Automatic;
				CURRENT_PROJECT_VERSION = 1;
				DEVELOPMENT_TEAM = 72BL34NP3Z;
				GENERATE_INFOPLIST_FILE = YES;
				INFOPLIST_FILE = CrudGames/Info.plist;
				INFOPLIST_KEY_UIApplicationSupportsIndirectInputEvents = YES;
				INFOPLIST_KEY_UILaunchStoryboardName = LaunchScreen;
				INFOPLIST_KEY_UIMainStoryboardFile = Main;
				INFOPLIST_KEY_UISupportedInterfaceOrientations = UIInterfaceOrientationPortrait;
				INFOPLIST_KEY_UISupportedInterfaceOrientations_iPad = "UIInterfaceOrientationPortrait UIInterfaceOrientationPortraitUpsideDown UIInterfaceOrientationLandscapeLeft UIInterfaceOrientationLandscapeRight";
				INFOPLIST_KEY_UISupportedInterfaceOrientations_iPhone = "UIInterfaceOrientationPortrait UIInterfaceOrientationLandscapeLeft UIInterfaceOrientationLandscapeRight";
				LD_RUNPATH_SEARCH_PATHS = (
					"$(inherited)",
					"@executable_path/Frameworks",
				);
				MARKETING_VERSION = 1.0;
				PRODUCT_BUNDLE_IDENTIFIER = maungarette.CrudGames;
				PRODUCT_NAME = "$(TARGET_NAME)";
				SWIFT_EMIT_LOC_STRINGS = YES;
				SWIFT_VERSION = 5.0;
				TARGETED_DEVICE_FAMILY = 1;
			};
			name = Release;
		};
/* End XCBuildConfiguration section */

/* Begin XCConfigurationList section */
		793D83C828161D1E000C669B /* Build configuration list for PBXProject "CrudGames" */ = {
			isa = XCConfigurationList;
			buildConfigurations = (
				793D83E228161D27000C669B /* Debug */,
				793D83E328161D27000C669B /* Release */,
			);
			defaultConfigurationIsVisible = 0;
			defaultConfigurationName = Release;
		};
		793D83E428161D27000C669B /* Build configuration list for PBXNativeTarget "CrudGames" */ = {
			isa = XCConfigurationList;
			buildConfigurations = (
				793D83E528161D27000C669B /* Debug */,
				793D83E628161D27000C669B /* Release */,
			);
			defaultConfigurationIsVisible = 0;
			defaultConfigurationName = Release;
		};
/* End XCConfigurationList section */

/* Begin XCVersionGroup section */
		793D83D928161D1E000C669B /* CrudGames.xcdatamodeld */ = {
			isa = XCVersionGroup;
			children = (
				793D83DA28161D1E000C669B /* CrudGames.xcdatamodel */,
			);
			currentVersion = 793D83DA28161D1E000C669B /* CrudGames.xcdatamodel */;
			path = CrudGames.xcdatamodeld;
			sourceTree = "<group>";
			versionGroupType = wrapper.xcdatamodel;
		};
/* End XCVersionGroup section */
	};
	rootObject = 793D83C528161D1E000C669B /* Project object */;
}
